
Microsoft Visual Studio Solution File, Format Version 12.00
# Visual Studio Version 16
VisualStudioVersion = 16.0.32228.343
MinimumVisualStudioVersion = 10.0.40219.1
Project("{FAE04EC0-301F-11D3-BF4B-00C04F79EFBC}") = "Lab1EfCodeFirst", "Lab1EfCodeFirst\Lab1EfCodeFirst.csproj", "{40BC1913-2BB5-4F65-8F9A-FBE851E339D4}"
EndProject
Global
	GlobalSection(SolutionConfigurationPlatforms) = preSolution
		Debug|Any CPU = Debug|Any CPU
		Release|Any CPU = Release|Any CPU
	EndGlobalSection
	GlobalSection(ProjectConfigurationPlatforms) = postSolution
		{40BC1913-2BB5-4F65-8F9A-FBE851E339D4}.Debug|Any CPU.ActiveCfg = Debug|Any CPU
		{40BC1913-2BB5-4F65-8F9A-FBE851E339D4}.Debug|Any CPU.Build.0 = Debug|Any CPU
		{40BC1913-2BB5-4F65-8F9A-FBE851E339D4}.Release|Any CPU.ActiveCfg = Release|Any CPU
		{40BC1913-2BB5-4F65-8F9A-FBE851E339D4}.Release|Any CPU.Build.0 = Release|Any CPU
	EndGlobalSection
	GlobalSection(SolutionProperties) = preSolution
		HideSolutionNode = FALSE
	EndGlobalSection
	GlobalSection(ExtensibilityGlobals) = postSolution
		SolutionGuid = {C2898D80-77D7-47BF-BC1F-A6B3FB515225}
	EndGlobalSection
EndGlobal
